
Microsoft Visual Studio Solution File, Format Version 12.00
# Visual Studio Version 16
VisualStudioVersion = 16.0.31729.503
MinimumVisualStudioVersion = 10.0.40219.1
Project("{FAE04EC0-301F-11D3-BF4B-00C04F79EFBC}") = "stand banner maker", "stand banner maker\stand banner maker.csproj", "{AF40CD79-AFD9-4798-88E7-490A126D10C1}"
EndProject
Global
	GlobalSection(SolutionConfigurationPlatforms) = preSolution
		Debug|Any CPU = Debug|Any CPU
		Release|Any CPU = Release|Any CPU
	EndGlobalSection
	GlobalSection(ProjectConfigurationPlatforms) = postSolution
		{AF40CD79-AFD9-4798-88E7-490A126D10C1}.Debug|Any CPU.ActiveCfg = Debug|Any CPU
		{AF40CD79-AFD9-4798-88E7-490A126D10C1}.Debug|Any CPU.Build.0 = Debug|Any CPU
		{AF40CD79-AFD9-4798-88E7-490A126D10C1}.Release|Any CPU.ActiveCfg = Release|Any CPU
		{AF40CD79-AFD9-4798-88E7-490A126D10C1}.Release|Any CPU.Build.0 = Release|Any CPU
	EndGlobalSection
	GlobalSection(SolutionProperties) = preSolution
		HideSolutionNode = FALSE
	EndGlobalSection
	GlobalSection(ExtensibilityGlobals) = postSolution
		SolutionGuid = {0D43364A-3C87-4E93-B901-1A6325ADAE95}
	EndGlobalSection
EndGlobal
